
Microsoft Visual Studio Solution File, Format Version 12.00
# Visual Studio Version 16
VisualStudioVersion = 16.0.31727.386
MinimumVisualStudioVersion = 10.0.40219.1
Project("{FAE04EC0-301F-11D3-BF4B-00C04F79EFBC}") = "Skylakias", "Skylakias\Skylakias.csproj", "{5AD9A7CF-058D-406E-95E3-11E019DCC912}"
EndProject
Global
	GlobalSection(SolutionConfigurationPlatforms) = preSolution
		Debug|Any CPU = Debug|Any CPU
		Release|Any CPU = Release|Any CPU
	EndGlobalSection
	GlobalSection(ProjectConfigurationPlatforms) = postSolution
		{5AD9A7CF-058D-406E-95E3-11E019DCC912}.Debug|Any CPU.ActiveCfg = Debug|Any CPU
		{5AD9A7CF-058D-406E-95E3-11E019DCC912}.Debug|Any CPU.Build.0 = Debug|Any CPU
		{5AD9A7CF-058D-406E-95E3-11E019DCC912}.Release|Any CPU.ActiveCfg = Release|Any CPU
		{5AD9A7CF-058D-406E-95E3-11E019DCC912}.Release|Any CPU.Build.0 = Release|Any CPU
	EndGlobalSection
	GlobalSection(SolutionProperties) = preSolution
		HideSolutionNode = FALSE
	EndGlobalSection
	GlobalSection(ExtensibilityGlobals) = postSolution
		SolutionGuid = {AC158716-F9BF-4D72-AD3C-C0A066A5F927}
	EndGlobalSection
EndGlobal
